name: Update flake.lock

on:
  schedule:
    - cron: "0 6 * * 1" # Mondays 06:00 UTC
  workflow_dispatch:

permissions:
  contents: read

jobs:
  update:
    runs-on: ubuntu-latest
    timeout-minutes: 30
    steps:
      - uses: actions/checkout@v7
      # Re-locking fetches ALL inputs, including the private font repo.
      - name: Load deploy key for private font repo
        uses: webfactory/ssh-agent@e83874834305fe9a4a2997156cb26c5de65a8555 # v0.10.0
        with:
          ssh-private-key: ${{ secrets.PRAGMATA_PRO_DEPLOY_KEY }}
      - uses: DeterminateSystems/nix-installer-action@ef8a148080ab6020fd15196c2084a2eea5ff2d25 # v22
        with:
          extra-conf: |
            download-attempts = 5
            connect-timeout = 10
      - name: Update flake.lock and open PR
        uses: DeterminateSystems/update-flake-lock@834c491b2ece4de0bbd00d85214bb5e83b4da5c6 # v28
        with:
          # PAT (not GITHUB_TOKEN) so the created PR triggers the CI workflow.
          token: ${{ secrets.GH_PAT_FLAKE_UPDATE }}
          pr-title: "flake.lock: update"
